// !$*UTF8*$!
{
	archiveVersion = 1;
	classes = {
	};
	objectVersion = 46;
	objects = {

/* Begin PBXBuildFile section */
		3708F7BF1BA279530054F05F /* d1.png in Resources */ = {isa = PBXBuildFile; fileRef = 3708F7BC1BA279530054F05F /* d1.png */; };
		3708F7C01BA279530054F05F /* d2.png in Resources */ = {isa = PBXBuildFile; fileRef = 3708F7BD1BA279530054F05F /* d2.png */; };
		3708F7C11BA279530054F05F /* d3.png in Resources */ = {isa = PBXBuildFile; fileRef = 3708F7BE1BA279530054F05F /* d3.png */; };
		378418A41ACF9B0200F17E07 /* main.m in Sources */ = {isa = PBXBuildFile; fileRef = 378418A31ACF9B0200F17E07 /* main.m */; };
		378418A71ACF9B0200F17E07 /* AppDelegate.m in Sources */ = {isa = PBXBuildFile; fileRef = 378418A61ACF9B0200F17E07 /* AppDelegate.m */; };
		378418AA1ACF9B0200F17E07 /* ViewController.m in Sources */ = {isa = PBXBuildFile; fileRef = 378418A91ACF9B0200F17E07 /* ViewController.m */; };
		378418AD1ACF9B0200F17E07 /* Main.storyboard in Resources */ = {isa = PBXBuildFile; fileRef = 378418AB1ACF9B0200F17E07 /* Main.storyboard */; };
		378418AF1ACF9B0200F17E07 /* Images.xcassets in Resources */ = {isa = PBXBuildFile; fileRef = 378418AE1ACF9B0200F17E07 /* Images.xcassets */; };
		378418B21ACF9B0200F17E07 /* LaunchScreen.xib in Resources */ = {isa = PBXBuildFile; fileRef = 378418B01ACF9B0200F17E07 /* LaunchScreen.xib */; };
		378418BE1ACF9B0200F17E07 /* KSRefreshTests.m in Sources */ = {isa = PBXBuildFile; fileRef = 378418BD1ACF9B0200F17E07 /* KSRefreshTests.m */; };
		378418CA1ACF9B4D00F17E07 /* KSRefreshView.m in Sources */ = {isa = PBXBuildFile; fileRef = 378418C91ACF9B4D00F17E07 /* KSRefreshView.m */; };
		378418CC1AD2074300F17E07 /* KSRefresh.bundle in Resources */ = {isa = PBXBuildFile; fileRef = 378418CB1AD2074300F17E07 /* KSRefresh.bundle */; };
		378418CF1AD208D500F17E07 /* KSDefaultHeadRefreshView.m in Sources */ = {isa = PBXBuildFile; fileRef = 378418CE1AD208D500F17E07 /* KSDefaultHeadRefreshView.m */; };
		378418D21AD20AF200F17E07 /* UIScrollView+KS.m in Sources */ = {isa = PBXBuildFile; fileRef = 378418D11AD20AF200F17E07 /* UIScrollView+KS.m */; };
		3784191C1AD21BB000F17E07 /* KSDefaultFootRefreshView.m in Sources */ = {isa = PBXBuildFile; fileRef = 3784191B1AD21BB000F17E07 /* KSDefaultFootRefreshView.m */; };
		3784191F1AD22DAD00F17E07 /* KSAutoFootRefreshView.m in Sources */ = {isa = PBXBuildFile; fileRef = 3784191E1AD22DAD00F17E07 /* KSAutoFootRefreshView.m */; };
/* End PBXBuildFile section */

/* Begin PBXContainerItemProxy section */
		378418B81ACF9B0200F17E07 /* PBXContainerItemProxy */ = {
			isa = PBXContainerItemProxy;
			containerPortal = 378418961ACF9B0200F17E07 /* Project object */;
			proxyType = 1;
			remoteGlobalIDString = 3784189D1ACF9B0200F17E07;
			remoteInfo = KSRefresh;
		};
/* End PBXContainerItemProxy section */

/* Begin PBXFileReference section */
		3708F7BC1BA279530054F05F /* d1.png */ = {isa = PBXFileReference; lastKnownFileType = image.png; path = d1.png; sourceTree = "<group>"; };
		3708F7BD1BA279530054F05F /* d2.png */ = {isa = PBXFileReference; lastKnownFileType = image.png; path = d2.png; sourceTree = "<group>"; };
		3708F7BE1BA279530054F05F /* d3.png */ = {isa = PBXFileReference; lastKnownFileType = image.png; path = d3.png; sourceTree = "<group>"; };
		3784189E1ACF9B0200F17E07 /* KSRefresh.app */ = {isa = PBXFileReference; explicitFileType = wrapper.application; includeInIndex = 0; path = KSRefresh.app; sourceTree = BUILT_PRODUCTS_DIR; };
		378418A21ACF9B0200F17E07 /* Info.plist */ = {isa = PBXFileReference; lastKnownFileType = text.plist.xml; path = Info.plist; sourceTree = "<group>"; };
		378418A31ACF9B0200F17E07 /* main.m */ = {isa = PBXFileReference; lastKnownFileType = sourcecode.c.objc; path = main.m; sourceTree = "<group>"; };
		378418A51ACF9B0200F17E07 /* AppDelegate.h */ = {isa = PBXFileReference; lastKnownFileType = sourcecode.c.h; path = AppDelegate.h; sourceTree = "<group>"; };
		378418A61ACF9B0200F17E07 /* AppDelegate.m */ = {isa = PBXFileReference; lastKnownFileType = sourcecode.c.objc; path = AppDelegate.m; sourceTree = "<group>"; };
		378418A81ACF9B0200F17E07 /* ViewController.h */ = {isa = PBXFileReference; lastKnownFileType = sourcecode.c.h; path = ViewController.h; sourceTree = "<group>"; };
		378418A91ACF9B0200F17E07 /* ViewController.m */ = {isa = PBXFileReference; lastKnownFileType = sourcecode.c.objc; path = ViewController.m; sourceTree = "<group>"; };
		378418AC1ACF9B0200F17E07 /* Base */ = {isa = PBXFileReference; lastKnownFileType = file.storyboard; name = Base; path = Base.lproj/Main.storyboard; sourceTree = "<group>"; };
		378418AE1ACF9B0200F17E07 /* Images.xcassets */ = {isa = PBXFileReference; lastKnownFileType = folder.assetcatalog; path = Images.xcassets; sourceTree = "<group>"; };
		378418B11ACF9B0200F17E07 /* Base */ = {isa = PBXFileReference; lastKnownFileType = file.xib; name = Base; path = Base.lproj/LaunchScreen.xib; sourceTree = "<group>"; };
		378418B71ACF9B0200F17E07 /* KSRefreshTests.xctest */ = {isa = PBXFileReference; explicitFileType = wrapper.cfbundle; includeInIndex = 0; path = KSRefreshTests.xctest; sourceTree = BUILT_PRODUCTS_DIR; };
		378418BC1ACF9B0200F17E07 /* Info.plist */ = {isa = PBXFileReference; lastKnownFileType = text.plist.xml; path = Info.plist; sourceTree = "<group>"; };
		378418BD1ACF9B0200F17E07 /* KSRefreshTests.m */ = {isa = PBXFileReference; lastKnownFileType = sourcecode.c.objc; path = KSRefreshTests.m; sourceTree = "<group>"; };
		378418C81ACF9B4D00F17E07 /* KSRefreshView.h */ = {isa = PBXFileReference; fileEncoding = 4; lastKnownFileType = sourcecode.c.h; path = KSRefreshView.h; sourceTree = "<group>"; };
		378418C91ACF9B4D00F17E07 /* KSRefreshView.m */ = {isa = PBXFileReference; fileEncoding = 4; lastKnownFileType = sourcecode.c.objc; path = KSRefreshView.m; sourceTree = "<group>"; };
		378418CB1AD2074300F17E07 /* KSRefresh.bundle */ = {isa = PBXFileReference; lastKnownFileType = "wrapper.plug-in"; path = KSRefresh.bundle; sourceTree = "<group>"; };
		378418CD1AD208D500F17E07 /* KSDefaultHeadRefreshView.h */ = {isa = PBXFileReference; fileEncoding = 4; lastKnownFileType = sourcecode.c.h; path = KSDefaultHeadRefreshView.h; sourceTree = "<group>"; };
		378418CE1AD208D500F17E07 /* KSDefaultHeadRefreshView.m */ = {isa = PBXFileReference; fileEncoding = 4; lastKnownFileType = sourcecode.c.objc; path = KSDefaultHeadRefreshView.m; sourceTree = "<group>"; };
		378418D01AD20AF200F17E07 /* UIScrollView+KS.h */ = {isa = PBXFileReference; fileEncoding = 4; lastKnownFileType = sourcecode.c.h; path = "UIScrollView+KS.h"; sourceTree = "<group>"; };
		378418D11AD20AF200F17E07 /* UIScrollView+KS.m */ = {isa = PBXFileReference; fileEncoding = 4; lastKnownFileType = sourcecode.c.objc; path = "UIScrollView+KS.m"; sourceTree = "<group>"; };
		3784191A1AD21BB000F17E07 /* KSDefaultFootRefreshView.h */ = {isa = PBXFileReference; fileEncoding = 4; lastKnownFileType = sourcecode.c.h; path = KSDefaultFootRefreshView.h; sourceTree = "<group>"; };
		3784191B1AD21BB000F17E07 /* KSDefaultFootRefreshView.m */ = {isa = PBXFileReference; fileEncoding = 4; lastKnownFileType = sourcecode.c.objc; path = KSDefaultFootRefreshView.m; sourceTree = "<group>"; };
		3784191D1AD22DAD00F17E07 /* KSAutoFootRefreshView.h */ = {isa = PBXFileReference; fileEncoding = 4; lastKnownFileType = sourcecode.c.h; path = KSAutoFootRefreshView.h; sourceTree = "<group>"; };
		3784191E1AD22DAD00F17E07 /* KSAutoFootRefreshView.m */ = {isa = PBXFileReference; fileEncoding = 4; lastKnownFileType = sourcecode.c.objc; path = KSAutoFootRefreshView.m; sourceTree = "<group>"; };
/* End PBXFileReference section */

/* Begin PBXFrameworksBuildPhase section */
		3784189B1ACF9B0200F17E07 /* Frameworks */ = {
			isa = PBXFrameworksBuildPhase;
			buildActionMask = 2147483647;
			files = (
			);
			runOnlyForDeploymentPostprocessing = 0;
		};
		378418B41ACF9B0200F17E07 /* Frameworks */ = {
			isa = PBXFrameworksBuildPhase;
			buildActionMask = 2147483647;
			files = (
			);
			runOnlyForDeploymentPostprocessing = 0;
		};
/* End PBXFrameworksBuildPhase section */

/* Begin PBXGroup section */
		378418951ACF9B0200F17E07 = {
			isa = PBXGroup;
			children = (
				378418C71ACF9B0E00F17E07 /* src */,
				378418A01ACF9B0200F17E07 /* KSRefresh */,
				378418BA1ACF9B0200F17E07 /* KSRefreshTests */,
				3784189F1ACF9B0200F17E07 /* Products */,
			);
			sourceTree = "<group>";
		};
		3784189F1ACF9B0200F17E07 /* Products */ = {
			isa = PBXGroup;
			children = (
				3784189E1ACF9B0200F17E07 /* KSRefresh.app */,
				378418B71ACF9B0200F17E07 /* KSRefreshTests.xctest */,
			);
			name = Products;
			sourceTree = "<group>";
		};
		378418A01ACF9B0200F17E07 /* KSRefresh */ = {
			isa = PBXGroup;
			children = (
				378418A51ACF9B0200F17E07 /* AppDelegate.h */,
				378418A61ACF9B0200F17E07 /* AppDelegate.m */,
				378418A81ACF9B0200F17E07 /* ViewController.h */,
				378418A91ACF9B0200F17E07 /* ViewController.m */,
				378418AB1ACF9B0200F17E07 /* Main.storyboard */,
				378418AE1ACF9B0200F17E07 /* Images.xcassets */,
				378418B01ACF9B0200F17E07 /* LaunchScreen.xib */,
				3708F7BC1BA279530054F05F /* d1.png */,
				3708F7BD1BA279530054F05F /* d2.png */,
				3708F7BE1BA279530054F05F /* d3.png */,
				378418A11ACF9B0200F17E07 /* Supporting Files */,
			);
			path = KSRefresh;
			sourceTree = "<group>";
		};
		378418A11ACF9B0200F17E07 /* Supporting Files */ = {
			isa = PBXGroup;
			children = (
				378418A21ACF9B0200F17E07 /* Info.plist */,
				378418A31ACF9B0200F17E07 /* main.m */,
			);
			name = "Supporting Files";
			sourceTree = "<group>";
		};
		378418BA1ACF9B0200F17E07 /* KSRefreshTests */ = {
			isa = PBXGroup;
			children = (
				378418BD1ACF9B0200F17E07 /* KSRefreshTests.m */,
				378418BB1ACF9B0200F17E07 /* Supporting Files */,
			);
			path = KSRefreshTests;
			sourceTree = "<group>";
		};
		378418BB1ACF9B0200F17E07 /* Supporting Files */ = {
			isa = PBXGroup;
			children = (
				378418BC1ACF9B0200F17E07 /* Info.plist */,
			);
			name = "Supporting Files";
			sourceTree = "<group>";
		};
		378418C71ACF9B0E00F17E07 /* src */ = {
			isa = PBXGroup;
			children = (
				378418CB1AD2074300F17E07 /* KSRefresh.bundle */,
				378418C81ACF9B4D00F17E07 /* KSRefreshView.h */,
				378418C91ACF9B4D00F17E07 /* KSRefreshView.m */,
				378418CD1AD208D500F17E07 /* KSDefaultHeadRefreshView.h */,
				378418CE1AD208D500F17E07 /* KSDefaultHeadRefreshView.m */,
				3784191A1AD21BB000F17E07 /* KSDefaultFootRefreshView.h */,
				3784191B1AD21BB000F17E07 /* KSDefaultFootRefreshView.m */,
				3784191D1AD22DAD00F17E07 /* KSAutoFootRefreshView.h */,
				3784191E1AD22DAD00F17E07 /* KSAutoFootRefreshView.m */,
				378418D01AD20AF200F17E07 /* UIScrollView+KS.h */,
				378418D11AD20AF200F17E07 /* UIScrollView+KS.m */,
			);
			path = src;
			sourceTree = "<group>";
		};
/* End PBXGroup section */

/* Begin PBXNativeTarget section */
		3784189D1ACF9B0200F17E07 /* KSRefresh */ = {
			isa = PBXNativeTarget;
			buildConfigurationList = 378418C11ACF9B0200F17E07 /* Build configuration list for PBXNativeTarget "KSRefresh" */;
			buildPhases = (
				3784189A1ACF9B0200F17E07 /* Sources */,
				3784189B1ACF9B0200F17E07 /* Frameworks */,
				3784189C1ACF9B0200F17E07 /* Resources */,
			);
			buildRules = (
			);
			dependencies = (
			);
			name = KSRefresh;
			productName = KSRefresh;
			productReference = 3784189E1ACF9B0200F17E07 /* KSRefresh.app */;
			productType = "com.apple.product-type.application";
		};
		378418B61ACF9B0200F17E07 /* KSRefreshTests */ = {
			isa = PBXNativeTarget;
			buildConfigurationList = 378418C41ACF9B0200F17E07 /* Build configuration list for PBXNativeTarget "KSRefreshTests" */;
			buildPhases = (
				378418B31ACF9B0200F17E07 /* Sources */,
				378418B41ACF9B0200F17E07 /* Frameworks */,
				378418B51ACF9B0200F17E07 /* Resources */,
			);
			buildRules = (
			);
			dependencies = (
				378418B91ACF9B0200F17E07 /* PBXTargetDependency */,
			);
			name = KSRefreshTests;
			productName = KSRefreshTests;
			productReference = 378418B71ACF9B0200F17E07 /* KSRefreshTests.xctest */;
			productType = "com.apple.product-type.bundle.unit-test";
		};
/* End PBXNativeTarget section */

/* Begin PBXProject section */
		378418961ACF9B0200F17E07 /* Project object */ = {
			isa = PBXProject;
			attributes = {
				LastUpgradeCheck = 0620;
				ORGANIZATIONNAME = bing.hao;
				TargetAttributes = {
					3784189D1ACF9B0200F17E07 = {
						CreatedOnToolsVersion = 6.2;
					};
					378418B61ACF9B0200F17E07 = {
						CreatedOnToolsVersion = 6.2;
						TestTargetID = 3784189D1ACF9B0200F17E07;
					};
				};
			};
			buildConfigurationList = 378418991ACF9B0200F17E07 /* Build configuration list for PBXProject "KSRefresh" */;
			compatibilityVersion = "Xcode 3.2";
			developmentRegion = English;
			hasScannedForEncodings = 0;
			knownRegions = (
				en,
				Base,
			);
			mainGroup = 378418951ACF9B0200F17E07;
			productRefGroup = 3784189F1ACF9B0200F17E07 /* Products */;
			projectDirPath = "";
			projectRoot = "";
			targets = (
				3784189D1ACF9B0200F17E07 /* KSRefresh */,
				378418B61ACF9B0200F17E07 /* KSRefreshTests */,
			);
		};
/* End PBXProject section */

/* Begin PBXResourcesBuildPhase section */
		3784189C1ACF9B0200F17E07 /* Resources */ = {
			isa = PBXResourcesBuildPhase;
			buildActionMask = 2147483647;
			files = (
				3708F7BF1BA279530054F05F /* d1.png in Resources */,
				378418AD1ACF9B0200F17E07 /* Main.storyboard in Resources */,
				378418CC1AD2074300F17E07 /* KSRefresh.bundle in Resources */,
				3708F7C01BA279530054F05F /* d2.png in Resources */,
				3708F7C11BA279530054F05F /* d3.png in Resources */,
				378418B21ACF9B0200F17E07 /* LaunchScreen.xib in Resources */,
				378418AF1ACF9B0200F17E07 /* Images.xcassets in Resources */,
			);
			runOnlyForDeploymentPostprocessing = 0;
		};
		378418B51ACF9B0200F17E07 /* Resources */ = {
			isa = PBXResourcesBuildPhase;
			buildActionMask = 2147483647;
			files = (
			);
			runOnlyForDeploymentPostprocessing = 0;
		};
/* End PBXResourcesBuildPhase section */

/* Begin PBXSourcesBuildPhase section */
		3784189A1ACF9B0200F17E07 /* Sources */ = {
			isa = PBXSourcesBuildPhase;
			buildActionMask = 2147483647;
			files = (
				378418AA1ACF9B0200F17E07 /* ViewController.m in Sources */,
				3784191C1AD21BB000F17E07 /* KSDefaultFootRefreshView.m in Sources */,
				378418A71ACF9B0200F17E07 /* AppDelegate.m in Sources */,
				3784191F1AD22DAD00F17E07 /* KSAutoFootRefreshView.m in Sources */,
				378418CF1AD208D500F17E07 /* KSDefaultHeadRefreshView.m in Sources */,
				378418CA1ACF9B4D00F17E07 /* KSRefreshView.m in Sources */,
				378418A41ACF9B0200F17E07 /* main.m in Sources */,
				378418D21AD20AF200F17E07 /* UIScrollView+KS.m in Sources */,
			);
			runOnlyForDeploymentPostprocessing = 0;
		};
		378418B31ACF9B0200F17E07 /* Sources */ = {
			isa = PBXSourcesBuildPhase;
			buildActionMask = 2147483647;
			files = (
				378418BE1ACF9B0200F17E07 /* KSRefreshTests.m in Sources */,
			);
			runOnlyForDeploymentPostprocessing = 0;
		};
/* End PBXSourcesBuildPhase section */

/* Begin PBXTargetDependency section */
		378418B91ACF9B0200F17E07 /* PBXTargetDependency */ = {
			isa = PBXTargetDependency;
			target = 3784189D1ACF9B0200F17E07 /* KSRefresh */;
			targetProxy = 378418B81ACF9B0200F17E07 /* PBXContainerItemProxy */;
		};
/* End PBXTargetDependency section */

/* Begin PBXVariantGroup section */
		378418AB1ACF9B0200F17E07 /* Main.storyboard */ = {
			isa = PBXVariantGroup;
			children = (
				378418AC1ACF9B0200F17E07 /* Base */,
			);
			name = Main.storyboard;
			sourceTree = "<group>";
		};
		378418B01ACF9B0200F17E07 /* LaunchScreen.xib */ = {
			isa = PBXVariantGroup;
			children = (
				378418B11ACF9B0200F17E07 /* Base */,
			);
			name = LaunchScreen.xib;
			sourceTree = "<group>";
		};
/* End PBXVariantGroup section */

/* Begin XCBuildConfiguration section */
		378418BF1ACF9B0200F17E07 /* Debug */ = {
			isa = XCBuildConfiguration;
			buildSettings = {
				ALWAYS_SEARCH_USER_PATHS = NO;
				CLANG_CXX_LANGUAGE_STANDARD = "gnu++0x";
				CLANG_CXX_LIBRARY = "libc++";
				CLANG_ENABLE_MODULES = YES;
				CLANG_ENABLE_OBJC_ARC = YES;
				CLANG_WARN_BOOL_CONVERSION = YES;
				CLANG_WARN_CONSTANT_CONVERSION = YES;
				CLANG_WARN_DIRECT_OBJC_ISA_USAGE = YES_ERROR;
				CLANG_WARN_EMPTY_BODY = YES;
				CLANG_WARN_ENUM_CONVERSION = YES;
				CLANG_WARN_INT_CONVERSION = YES;
				CLANG_WARN_OBJC_ROOT_CLASS = YES_ERROR;
				CLANG_WARN_UNREACHABLE_CODE = YES;
				CLANG_WARN__DUPLICATE_METHOD_MATCH = YES;
				"CODE_SIGN_IDENTITY[sdk=iphoneos*]" = "iPhone Developer";
				COPY_PHASE_STRIP = NO;
				ENABLE_STRICT_OBJC_MSGSEND = YES;
				GCC_C_LANGUAGE_STANDARD = gnu99;
				GCC_DYNAMIC_NO_PIC = NO;
				GCC_OPTIMIZATION_LEVEL = 0;
				GCC_PREPROCESSOR_DEFINITIONS = (
					"DEBUG=1",
					"$(inherited)",
				);
				GCC_SYMBOLS_PRIVATE_EXTERN = NO;
				GCC_WARN_64_TO_32_BIT_CONVERSION = YES;
				GCC_WARN_ABOUT_RETURN_TYPE = YES_ERROR;
				GCC_WARN_UNDECLARED_SELECTOR = YES;
				GCC_WARN_UNINITIALIZED_AUTOS = YES_AGGRESSIVE;
				GCC_WARN_UNUSED_FUNCTION = YES;
				GCC_WARN_UNUSED_VARIABLE = YES;
				IPHONEOS_DEPLOYMENT_TARGET = 8.2;
				MTL_ENABLE_DEBUG_INFO = YES;
				ONLY_ACTIVE_ARCH = YES;
				SDKROOT = iphoneos;
			};
			name = Debug;
		};
		378418C01ACF9B0200F17E07 /* Release */ = {
			isa = XCBuildConfiguration;
			buildSettings = {
				ALWAYS_SEARCH_USER_PATHS = NO;
				CLANG_CXX_LANGUAGE_STANDARD = "gnu++0x";
				CLANG_CXX_LIBRARY = "libc++";
				CLANG_ENABLE_MODULES = YES;
				CLANG_ENABLE_OBJC_ARC = YES;
				CLANG_WARN_BOOL_CONVERSION = YES;
				CLANG_WARN_CONSTANT_CONVERSION = YES;
				CLANG_WARN_DIRECT_OBJC_ISA_USAGE = YES_ERROR;
				CLANG_WARN_EMPTY_BODY = YES;
				CLANG_WARN_ENUM_CONVERSION = YES;
				CLANG_WARN_INT_CONVERSION = YES;
				CLANG_WARN_OBJC_ROOT_CLASS = YES_ERROR;
				CLANG_WARN_UNREACHABLE_CODE = YES;
				CLANG_WARN__DUPLICATE_METHOD_MATCH = YES;
				"CODE_SIGN_IDENTITY[sdk=iphoneos*]" = "iPhone Developer";
				COPY_PHASE_STRIP = NO;
				ENABLE_NS_ASSERTIONS = NO;
				ENABLE_STRICT_OBJC_MSGSEND = YES;
				GCC_C_LANGUAGE_STANDARD = gnu99;
				GCC_WARN_64_TO_32_BIT_CONVERSION = YES;
				GCC_WARN_ABOUT_RETURN_TYPE = YES_ERROR;
				GCC_WARN_UNDECLARED_SELECTOR = YES;
				GCC_WARN_UNINITIALIZED_AUTOS = YES_AGGRESSIVE;
				GCC_WARN_UNUSED_FUNCTION = YES;
				GCC_WARN_UNUSED_VARIABLE = YES;
				IPHONEOS_DEPLOYMENT_TARGET = 8.2;
				MTL_ENABLE_DEBUG_INFO = NO;
				SDKROOT = iphoneos;
				VALIDATE_PRODUCT = YES;
			};
			name = Release;
		};
		378418C21ACF9B0200F17E07 /* Debug */ = {
			isa = XCBuildConfiguration;
			buildSettings = {
				ASSETCATALOG_COMPILER_APPICON_NAME = AppIcon;
				INFOPLIST_FILE = KSRefresh/Info.plist;
				IPHONEOS_DEPLOYMENT_TARGET = 6.0;
				LD_RUNPATH_SEARCH_PATHS = "$(inherited) @executable_path/Frameworks";
				PRODUCT_NAME = "$(TARGET_NAME)";
			};
			name = Debug;
		};
		378418C31ACF9B0200F17E07 /* Release */ = {
			isa = XCBuildConfiguration;
			buildSettings = {
				ASSETCATALOG_COMPILER_APPICON_NAME = AppIcon;
				INFOPLIST_FILE = KSRefresh/Info.plist;
				IPHONEOS_DEPLOYMENT_TARGET = 6.0;
				LD_RUNPATH_SEARCH_PATHS = "$(inherited) @executable_path/Frameworks";
				PRODUCT_NAME = "$(TARGET_NAME)";
			};
			name = Release;
		};
		378418C51ACF9B0200F17E07 /* Debug */ = {
			isa = XCBuildConfiguration;
			buildSettings = {
				BUNDLE_LOADER = "$(TEST_HOST)";
				FRAMEWORK_SEARCH_PATHS = (
					"$(SDKROOT)/Developer/Library/Frameworks",
					"$(inherited)",
				);
				GCC_PREPROCESSOR_DEFINITIONS = (
					"DEBUG=1",
					"$(inherited)",
				);
				INFOPLIST_FILE = KSRefreshTests/Info.plist;
				LD_RUNPATH_SEARCH_PATHS = "$(inherited) @executable_path/Frameworks @loader_path/Frameworks";
				PRODUCT_NAME = "$(TARGET_NAME)";
				TEST_HOST = "$(BUILT_PRODUCTS_DIR)/KSRefresh.app/KSRefresh";
			};
			name = Debug;
		};
		378418C61ACF9B0200F17E07 /* Release */ = {
			isa = XCBuildConfiguration;
			buildSettings = {
				BUNDLE_LOADER = "$(TEST_HOST)";
				FRAMEWORK_SEARCH_PATHS = (
					"$(SDKROOT)/Developer/Library/Frameworks",
					"$(inherited)",
				);
				INFOPLIST_FILE = KSRefreshTests/Info.plist;
				LD_RUNPATH_SEARCH_PATHS = "$(inherited) @executable_path/Frameworks @loader_path/Frameworks";
				PRODUCT_NAME = "$(TARGET_NAME)";
				TEST_HOST = "$(BUILT_PRODUCTS_DIR)/KSRefresh.app/KSRefresh";
			};
			name = Release;
		};
/* End XCBuildConfiguration section */

/* Begin XCConfigurationList section */
		378418991ACF9B0200F17E07 /* Build configuration list for PBXProject "KSRefresh" */ = {
			isa = XCConfigurationList;
			buildConfigurations = (
				378418BF1ACF9B0200F17E07 /* Debug */,
				378418C01ACF9B0200F17E07 /* Release */,
			);
			defaultConfigurationIsVisible = 0;
			defaultConfigurationName = Release;
		};
		378418C11ACF9B0200F17E07 /* Build configuration list for PBXNativeTarget "KSRefresh" */ = {
			isa = XCConfigurationList;
			buildConfigurations = (
				378418C21ACF9B0200F17E07 /* Debug */,
				378418C31ACF9B0200F17E07 /* Release */,
			);
			defaultConfigurationIsVisible = 0;
			defaultConfigurationName = Release;
		};
		378418C41ACF9B0200F17E07 /* Build configuration list for PBXNativeTarget "KSRefreshTests" */ = {
			isa = XCConfigurationList;
			buildConfigurations = (
				378418C51ACF9B0200F17E07 /* Debug */,
				378418C61ACF9B0200F17E07 /* Release */,
			);
			defaultConfigurationIsVisible = 0;
			defaultConfigurationName = Release;
		};
/* End XCConfigurationList section */
	};
	rootObject = 378418961ACF9B0200F17E07 /* Project object */;
}
